
Microsoft Visual Studio Solution File, Format Version 12.00
# Visual Studio Version 17
VisualStudioVersion = 17.14.36408.4 d17.14
MinimumVisualStudioVersion = 10.0.40219.1
Project("{FAE04EC0-301F-11D3-BF4B-00C04F79EFBC}") = "GlInfo", "GlInfo\GlInfo.csproj", "{8FBB2023-EE71-FC69-0B65-BD5CF43E0FAC}"
EndProject
Global
	GlobalSection(SolutionConfigurationPlatforms) = preSolution
		Debug|Any CPU = Debug|Any CPU
		Demo|Any CPU = Demo|Any CPU
		Release|Any CPU = Release|Any CPU
	EndGlobalSection
	GlobalSection(ProjectConfigurationPlatforms) = postSolution
		{8FBB2023-EE71-FC69-0B65-BD5CF43E0FAC}.Debug|Any CPU.ActiveCfg = Debug|Any CPU
		{8FBB2023-EE71-FC69-0B65-BD5CF43E0FAC}.Debug|Any CPU.Build.0 = Debug|Any CPU
		{8FBB2023-EE71-FC69-0B65-BD5CF43E0FAC}.Demo|Any CPU.ActiveCfg = Demo|Any CPU
		{8FBB2023-EE71-FC69-0B65-BD5CF43E0FAC}.Demo|Any CPU.Build.0 = Demo|Any CPU
		{8FBB2023-EE71-FC69-0B65-BD5CF43E0FAC}.Release|Any CPU.ActiveCfg = Release|Any CPU
		{8FBB2023-EE71-FC69-0B65-BD5CF43E0FAC}.Release|Any CPU.Build.0 = Release|Any CPU
	EndGlobalSection
	GlobalSection(SolutionProperties) = preSolution
		HideSolutionNode = FALSE
	EndGlobalSection
	GlobalSection(ExtensibilityGlobals) = postSolution
		SolutionGuid = {E36D9915-7AEE-4B9B-8F68-64DD431B1254}
	EndGlobalSection
EndGlobal
